// !$*UTF8*$!
{
	archiveVersion = 1;
	classes = {
	};
	objectVersion = 46;
	objects = {

/* Begin PBXBuildFile section */
		DA159AFF1EE1842100529F24 /* AppDelegate.swift in Sources */ = {isa = PBXBuildFile; fileRef = DA159AFE1EE1842100529F24 /* AppDelegate.swift */; };
		DA159B011EE1842100529F24 /* ViewController.swift in Sources */ = {isa = PBXBuildFile; fileRef = DA159B001EE1842100529F24 /* ViewController.swift */; };
		DA159B041EE1842100529F24 /* Main.storyboard in Resources */ = {isa = PBXBuildFile; fileRef = DA159B021EE1842100529F24 /* Main.storyboard */; };
		DA159B061EE1842100529F24 /* Assets.xcassets in Resources */ = {isa = PBXBuildFile; fileRef = DA159B051EE1842100529F24 /* Assets.xcassets */; };
		DA159B091EE1842100529F24 /* LaunchScreen.storyboard in Resources */ = {isa = PBXBuildFile; fileRef = DA159B071EE1842100529F24 /* LaunchScreen.storyboard */; };
		DA159B171EE1848E00529F24 /* DemoUITests.swift in Sources */ = {isa = PBXBuildFile; fileRef = DA159B161EE1848E00529F24 /* DemoUITests.swift */; };
		DAA128261EE58A530005C2A4 /* TestBase.swift in Sources */ = {isa = PBXBuildFile; fileRef = DAA128251EE58A530005C2A4 /* TestBase.swift */; };
/* End PBXBuildFile section */

/* Begin PBXContainerItemProxy section */
		DA159B191EE1848E00529F24 /* PBXContainerItemProxy */ = {
			isa = PBXContainerItemProxy;
			containerPortal = DA159AF31EE1842100529F24 /* Project object */;
			proxyType = 1;
			remoteGlobalIDString = DA159AFA1EE1842100529F24;
			remoteInfo = Demo;
		};
/* End PBXContainerItemProxy section */

/* Begin PBXFileReference section */
		DA159AFB1EE1842100529F24 /* Demo.app */ = {isa = PBXFileReference; explicitFileType = wrapper.application; includeInIndex = 0; path = Demo.app; sourceTree = BUILT_PRODUCTS_DIR; };
		DA159AFE1EE1842100529F24 /* AppDelegate.swift */ = {isa = PBXFileReference; lastKnownFileType = sourcecode.swift; path = AppDelegate.swift; sourceTree = "<group>"; };
		DA159B001EE1842100529F24 /* ViewController.swift */ = {isa = PBXFileReference; lastKnownFileType = sourcecode.swift; path = ViewController.swift; sourceTree = "<group>"; };
		DA159B031EE1842100529F24 /* Base */ = {isa = PBXFileReference; lastKnownFileType = file.storyboard; name = Base; path = Base.lproj/Main.storyboard; sourceTree = "<group>"; };
		DA159B051EE1842100529F24 /* Assets.xcassets */ = {isa = PBXFileReference; lastKnownFileType = folder.assetcatalog; path = Assets.xcassets; sourceTree = "<group>"; };
		DA159B081EE1842100529F24 /* Base */ = {isa = PBXFileReference; lastKnownFileType = file.storyboard; name = Base; path = Base.lproj/LaunchScreen.storyboard; sourceTree = "<group>"; };
		DA159B0A1EE1842100529F24 /* Info.plist */ = {isa = PBXFileReference; lastKnownFileType = text.plist.xml; path = Info.plist; sourceTree = "<group>"; };
		DA159B141EE1848E00529F24 /* DemoUITests.xctest */ = {isa = PBXFileReference; explicitFileType = wrapper.cfbundle; includeInIndex = 0; path = DemoUITests.xctest; sourceTree = BUILT_PRODUCTS_DIR; };
		DA159B161EE1848E00529F24 /* DemoUITests.swift */ = {isa = PBXFileReference; lastKnownFileType = sourcecode.swift; path = DemoUITests.swift; sourceTree = "<group>"; };
		DA159B181EE1848E00529F24 /* Info.plist */ = {isa = PBXFileReference; lastKnownFileType = text.plist.xml; path = Info.plist; sourceTree = "<group>"; };
		DAA128251EE58A530005C2A4 /* TestBase.swift */ = {isa = PBXFileReference; fileEncoding = 4; lastKnownFileType = sourcecode.swift; path = TestBase.swift; sourceTree = "<group>"; };
/* End PBXFileReference section */

/* Begin PBXFrameworksBuildPhase section */
		DA159AF81EE1842100529F24 /* Frameworks */ = {
			isa = PBXFrameworksBuildPhase;
			buildActionMask = 2147483647;
			files = (
			);
			runOnlyForDeploymentPostprocessing = 0;
		};
		DA159B111EE1848E00529F24 /* Frameworks */ = {
			isa = PBXFrameworksBuildPhase;
			buildActionMask = 2147483647;
			files = (
			);
			runOnlyForDeploymentPostprocessing = 0;
		};
/* End PBXFrameworksBuildPhase section */

/* Begin PBXGroup section */
		DA159AF21EE1842100529F24 = {
			isa = PBXGroup;
			children = (
				DA159AFD1EE1842100529F24 /* Demo */,
				DA159B151EE1848E00529F24 /* DemoUITests */,
				DA159AFC1EE1842100529F24 /* Products */,
			);
			sourceTree = "<group>";
		};
		DA159AFC1EE1842100529F24 /* Products */ = {
			isa = PBXGroup;
			children = (
				DA159AFB1EE1842100529F24 /* Demo.app */,
				DA159B141EE1848E00529F24 /* DemoUITests.xctest */,
			);
			name = Products;
			sourceTree = "<group>";
		};
		DA159AFD1EE1842100529F24 /* Demo */ = {
			isa = PBXGroup;
			children = (
				DA159AFE1EE1842100529F24 /* AppDelegate.swift */,
				DA159B001EE1842100529F24 /* ViewController.swift */,
				DA159B021EE1842100529F24 /* Main.storyboard */,
				DA159B051EE1842100529F24 /* Assets.xcassets */,
				DA159B071EE1842100529F24 /* LaunchScreen.storyboard */,
				DA159B0A1EE1842100529F24 /* Info.plist */,
			);
			path = Demo;
			sourceTree = "<group>";
		};
		DA159B151EE1848E00529F24 /* DemoUITests */ = {
			isa = PBXGroup;
			children = (
				DA159B161EE1848E00529F24 /* DemoUITests.swift */,
				DAA128251EE58A530005C2A4 /* TestBase.swift */,
				DA159B181EE1848E00529F24 /* Info.plist */,
			);
			path = DemoUITests;
			sourceTree = "<group>";
		};
/* End PBXGroup section */

/* Begin PBXNativeTarget section */
		DA159AFA1EE1842100529F24 /* Demo */ = {
			isa = PBXNativeTarget;
			buildConfigurationList = DA159B0D1EE1842100529F24 /* Build configuration list for PBXNativeTarget "Demo" */;
			buildPhases = (
				DA159AF71EE1842100529F24 /* Sources */,
				DA159AF81EE1842100529F24 /* Frameworks */,
				DA159AF91EE1842100529F24 /* Resources */,
			);
			buildRules = (
			);
			dependencies = (
			);
			name = Demo;
			productName = Demo;
			productReference = DA159AFB1EE1842100529F24 /* Demo.app */;
			productType = "com.apple.product-type.application";
		};
		DA159B131EE1848E00529F24 /* DemoUITests */ = {
			isa = PBXNativeTarget;
			buildConfigurationList = DA159B1B1EE1848E00529F24 /* Build configuration list for PBXNativeTarget "DemoUITests" */;
			buildPhases = (
				DA159B101EE1848E00529F24 /* Sources */,
				DA159B111EE1848E00529F24 /* Frameworks */,
				DA159B121EE1848E00529F24 /* Resources */,
			);
			buildRules = (
			);
			dependencies = (
				DA159B1A1EE1848E00529F24 /* PBXTargetDependency */,
			);
			name = DemoUITests;
			productName = DemoUITests;
			productReference = DA159B141EE1848E00529F24 /* DemoUITests.xctest */;
			productType = "com.apple.product-type.bundle.ui-testing";
		};
/* End PBXNativeTarget section */

/* Begin PBXProject section */
		DA159AF31EE1842100529F24 /* Project object */ = {
			isa = PBXProject;
			attributes = {
				LastSwiftUpdateCheck = 0830;
				LastUpgradeCheck = 0830;
				ORGANIZATIONNAME = Knowit;
				TargetAttributes = {
					DA159AFA1EE1842100529F24 = {
						CreatedOnToolsVersion = 8.3.2;
						DevelopmentTeam = 9NE55C4QYA;
						ProvisioningStyle = Automatic;
					};
					DA159B131EE1848E00529F24 = {
						CreatedOnToolsVersion = 8.3.2;
						DevelopmentTeam = 92R23WEN26;
						ProvisioningStyle = Automatic;
						TestTargetID = DA159AFA1EE1842100529F24;
					};
				};
			};
			buildConfigurationList = DA159AF61EE1842100529F24 /* Build configuration list for PBXProject "Demo" */;
			compatibilityVersion = "Xcode 3.2";
			developmentRegion = English;
			hasScannedForEncodings = 0;
			knownRegions = (
				en,
				Base,
			);
			mainGroup = DA159AF21EE1842100529F24;
			productRefGroup = DA159AFC1EE1842100529F24 /* Products */;
			projectDirPath = "";
			projectRoot = "";
			targets = (
				DA159AFA1EE1842100529F24 /* Demo */,
				DA159B131EE1848E00529F24 /* DemoUITests */,
			);
		};
/* End PBXProject section */

/* Begin PBXResourcesBuildPhase section */
		DA159AF91EE1842100529F24 /* Resources */ = {
			isa = PBXResourcesBuildPhase;
			buildActionMask = 2147483647;
			files = (
				DA159B091EE1842100529F24 /* LaunchScreen.storyboard in Resources */,
				DA159B061EE1842100529F24 /* Assets.xcassets in Resources */,
				DA159B041EE1842100529F24 /* Main.storyboard in Resources */,
			);
			runOnlyForDeploymentPostprocessing = 0;
		};
		DA159B121EE1848E00529F24 /* Resources */ = {
			isa = PBXResourcesBuildPhase;
			buildActionMask = 2147483647;
			files = (
			);
			runOnlyForDeploymentPostprocessing = 0;
		};
/* End PBXResourcesBuildPhase section */

/* Begin PBXSourcesBuildPhase section */
		DA159AF71EE1842100529F24 /* Sources */ = {
			isa = PBXSourcesBuildPhase;
			buildActionMask = 2147483647;
			files = (
				DA159B011EE1842100529F24 /* ViewController.swift in Sources */,
				DA159AFF1EE1842100529F24 /* AppDelegate.swift in Sources */,
			);
			runOnlyForDeploymentPostprocessing = 0;
		};
		DA159B101EE1848E00529F24 /* Sources */ = {
			isa = PBXSourcesBuildPhase;
			buildActionMask = 2147483647;
			files = (
				DAA128261EE58A530005C2A4 /* TestBase.swift in Sources */,
				DA159B171EE1848E00529F24 /* DemoUITests.swift in Sources */,
			);
			runOnlyForDeploymentPostprocessing = 0;
		};
/* End PBXSourcesBuildPhase section */

/* Begin PBXTargetDependency section */
		DA159B1A1EE1848E00529F24 /* PBXTargetDependency */ = {
			isa = PBXTargetDependency;
			target = DA159AFA1EE1842100529F24 /* Demo */;
			targetProxy = DA159B191EE1848E00529F24 /* PBXContainerItemProxy */;
		};
/* End PBXTargetDependency section */

/* Begin PBXVariantGroup section */
		DA159B021EE1842100529F24 /* Main.storyboard */ = {
			isa = PBXVariantGroup;
			children = (
				DA159B031EE1842100529F24 /* Base */,
			);
			name = Main.storyboard;
			sourceTree = "<group>";
		};
		DA159B071EE1842100529F24 /* LaunchScreen.storyboard */ = {
			isa = PBXVariantGroup;
			children = (
				DA159B081EE1842100529F24 /* Base */,
			);
			name = LaunchScreen.storyboard;
			sourceTree = "<group>";
		};
/* End PBXVariantGroup section */

/* Begin XCBuildConfiguration section */
		DA159B0B1EE1842100529F24 /* Debug */ = {
			isa = XCBuildConfiguration;
			buildSettings = {
				ALWAYS_SEARCH_USER_PATHS = NO;
				CLANG_ANALYZER_NONNULL = YES;
				CLANG_ANALYZER_NUMBER_OBJECT_CONVERSION = YES_AGGRESSIVE;
				CLANG_CXX_LANGUAGE_STANDARD = "gnu++0x";
				CLANG_CXX_LIBRARY = "libc++";
				CLANG_ENABLE_MODULES = YES;
				CLANG_ENABLE_OBJC_ARC = YES;
				CLANG_WARN_BOOL_CONVERSION = YES;
				CLANG_WARN_CONSTANT_CONVERSION = YES;
				CLANG_WARN_DIRECT_OBJC_ISA_USAGE = YES_ERROR;
				CLANG_WARN_DOCUMENTATION_COMMENTS = YES;
				CLANG_WARN_EMPTY_BODY = YES;
				CLANG_WARN_ENUM_CONVERSION = YES;
				CLANG_WARN_INFINITE_RECURSION = YES;
				CLANG_WARN_INT_CONVERSION = YES;
				CLANG_WARN_OBJC_ROOT_CLASS = YES_ERROR;
				CLANG_WARN_SUSPICIOUS_MOVE = YES;
				CLANG_WARN_UNREACHABLE_CODE = YES;
				CLANG_WARN__DUPLICATE_METHOD_MATCH = YES;
				"CODE_SIGN_IDENTITY[sdk=iphoneos*]" = "iPhone Developer";
				COPY_PHASE_STRIP = NO;
				DEBUG_INFORMATION_FORMAT = dwarf;
				ENABLE_STRICT_OBJC_MSGSEND = YES;
				ENABLE_TESTABILITY = YES;
				GCC_C_LANGUAGE_STANDARD = gnu99;
				GCC_DYNAMIC_NO_PIC = NO;
				GCC_NO_COMMON_BLOCKS = YES;
				GCC_OPTIMIZATION_LEVEL = 0;
				GCC_PREPROCESSOR_DEFINITIONS = (
					"DEBUG=1",
					"$(inherited)",
				);
				GCC_WARN_64_TO_32_BIT_CONVERSION = YES;
				GCC_WARN_ABOUT_RETURN_TYPE = YES_ERROR;
				GCC_WARN_UNDECLARED_SELECTOR = YES;
				GCC_WARN_UNINITIALIZED_AUTOS = YES_AGGRESSIVE;
				GCC_WARN_UNUSED_FUNCTION = YES;
				GCC_WARN_UNUSED_VARIABLE = YES;
				IPHONEOS_DEPLOYMENT_TARGET = 10.3;
				MTL_ENABLE_DEBUG_INFO = YES;
				ONLY_ACTIVE_ARCH = YES;
				SDKROOT = iphoneos;
				SWIFT_ACTIVE_COMPILATION_CONDITIONS = DEBUG;
				SWIFT_OPTIMIZATION_LEVEL = "-Onone";
			};
			name = Debug;
		};
		DA159B0C1EE1842100529F24 /* Release */ = {
			isa = XCBuildConfiguration;
			buildSettings = {
				ALWAYS_SEARCH_USER_PATHS = NO;
				CLANG_ANALYZER_NONNULL = YES;
				CLANG_ANALYZER_NUMBER_OBJECT_CONVERSION = YES_AGGRESSIVE;
				CLANG_CXX_LANGUAGE_STANDARD = "gnu++0x";
				CLANG_CXX_LIBRARY = "libc++";
				CLANG_ENABLE_MODULES = YES;
				CLANG_ENABLE_OBJC_ARC = YES;
				CLANG_WARN_BOOL_CONVERSION = YES;
				CLANG_WARN_CONSTANT_CONVERSION = YES;
				CLANG_WARN_DIRECT_OBJC_ISA_USAGE = YES_ERROR;
				CLANG_WARN_DOCUMENTATION_COMMENTS = YES;
				CLANG_WARN_EMPTY_BODY = YES;
				CLANG_WARN_ENUM_CONVERSION = YES;
				CLANG_WARN_INFINITE_RECURSION = YES;
				CLANG_WARN_INT_CONVERSION = YES;
				CLANG_WARN_OBJC_ROOT_CLASS = YES_ERROR;
				CLANG_WARN_SUSPICIOUS_MOVE = YES;
				CLANG_WARN_UNREACHABLE_CODE = YES;
				CLANG_WARN__DUPLICATE_METHOD_MATCH = YES;
				"CODE_SIGN_IDENTITY[sdk=iphoneos*]" = "iPhone Developer";
				COPY_PHASE_STRIP = NO;
				DEBUG_INFORMATION_FORMAT = "dwarf-with-dsym";
				ENABLE_NS_ASSERTIONS = NO;
				ENABLE_STRICT_OBJC_MSGSEND = YES;
				GCC_C_LANGUAGE_STANDARD = gnu99;
				GCC_NO_COMMON_BLOCKS = YES;
				GCC_WARN_64_TO_32_BIT_CONVERSION = YES;
				GCC_WARN_ABOUT_RETURN_TYPE = YES_ERROR;
				GCC_WARN_UNDECLARED_SELECTOR = YES;
				GCC_WARN_UNINITIALIZED_AUTOS = YES_AGGRESSIVE;
				GCC_WARN_UNUSED_FUNCTION = YES;
				GCC_WARN_UNUSED_VARIABLE = YES;
				IPHONEOS_DEPLOYMENT_TARGET = 10.3;
				MTL_ENABLE_DEBUG_INFO = NO;
				SDKROOT = iphoneos;
				SWIFT_OPTIMIZATION_LEVEL = "-Owholemodule";
				VALIDATE_PRODUCT = YES;
			};
			name = Release;
		};
		DA159B0E1EE1842100529F24 /* Debug */ = {
			isa = XCBuildConfiguration;
			buildSettings = {
				ASSETCATALOG_COMPILER_APPICON_NAME = AppIcon;
				DEVELOPMENT_TEAM = 9NE55C4QYA;
				INFOPLIST_FILE = Demo/Info.plist;
				LD_RUNPATH_SEARCH_PATHS = "$(inherited) @executable_path/Frameworks";
				PRODUCT_BUNDLE_IDENTIFIER = knowit.Demo;
				PRODUCT_NAME = "$(TARGET_NAME)";
				SWIFT_VERSION = 3.0;
			};
			name = Debug;
		};
		DA159B0F1EE1842100529F24 /* Release */ = {
			isa = XCBuildConfiguration;
			buildSettings = {
				ASSETCATALOG_COMPILER_APPICON_NAME = AppIcon;
				DEVELOPMENT_TEAM = 9NE55C4QYA;
				INFOPLIST_FILE = Demo/Info.plist;
				LD_RUNPATH_SEARCH_PATHS = "$(inherited) @executable_path/Frameworks";
				PRODUCT_BUNDLE_IDENTIFIER = knowit.Demo;
				PRODUCT_NAME = "$(TARGET_NAME)";
				SWIFT_VERSION = 3.0;
			};
			name = Release;
		};
		DA159B1C1EE1848E00529F24 /* Debug */ = {
			isa = XCBuildConfiguration;
			buildSettings = {
				DEVELOPMENT_TEAM = 92R23WEN26;
				INFOPLIST_FILE = DemoUITests/Info.plist;
				LD_RUNPATH_SEARCH_PATHS = "$(inherited) @executable_path/Frameworks @loader_path/Frameworks";
				PRODUCT_BUNDLE_IDENTIFIER = knowit.DemoUITests;
				PRODUCT_NAME = "$(TARGET_NAME)";
				SWIFT_VERSION = 3.0;
				TEST_TARGET_NAME = Demo;
			};
			name = Debug;
		};
		DA159B1D1EE1848E00529F24 /* Release */ = {
			isa = XCBuildConfiguration;
			buildSettings = {
				DEVELOPMENT_TEAM = 92R23WEN26;
				INFOPLIST_FILE = DemoUITests/Info.plist;
				LD_RUNPATH_SEARCH_PATHS = "$(inherited) @executable_path/Frameworks @loader_path/Frameworks";
				PRODUCT_BUNDLE_IDENTIFIER = knowit.DemoUITests;
				PRODUCT_NAME = "$(TARGET_NAME)";
				SWIFT_VERSION = 3.0;
				TEST_TARGET_NAME = Demo;
			};
			name = Release;
		};
/* End XCBuildConfiguration section */

/* Begin XCConfigurationList section */
		DA159AF61EE1842100529F24 /* Build configuration list for PBXProject "Demo" */ = {
			isa = XCConfigurationList;
			buildConfigurations = (
				DA159B0B1EE1842100529F24 /* Debug */,
				DA159B0C1EE1842100529F24 /* Release */,
			);
			defaultConfigurationIsVisible = 0;
			defaultConfigurationName = Release;
		};
		DA159B0D1EE1842100529F24 /* Build configuration list for PBXNativeTarget "Demo" */ = {
			isa = XCConfigurationList;
			buildConfigurations = (
				DA159B0E1EE1842100529F24 /* Debug */,
				DA159B0F1EE1842100529F24 /* Release */,
			);
			defaultConfigurationIsVisible = 0;
			defaultConfigurationName = Release;
		};
		DA159B1B1EE1848E00529F24 /* Build configuration list for PBXNativeTarget "DemoUITests" */ = {
			isa = XCConfigurationList;
			buildConfigurations = (
				DA159B1C1EE1848E00529F24 /* Debug */,
				DA159B1D1EE1848E00529F24 /* Release */,
			);
			defaultConfigurationIsVisible = 0;
			defaultConfigurationName = Release;
		};
/* End XCConfigurationList section */
	};
	rootObject = DA159AF31EE1842100529F24 /* Project object */;
}
